// !$*UTF8*$!
{
	archiveVersion = 1;
	classes = {
	};
	objectVersion = 77;
	objects = {

/* Begin PBXContainerItemProxy section */
		5E7B842F2CA3BC6000F68D53 /* PBXContainerItemProxy */ = {
			isa = PBXContainerItemProxy;
			containerPortal = 5E7B84162CA3BC5D00F68D53 /* Project object */;
			proxyType = 1;
			remoteGlobalIDString = 5E7B841D2CA3BC5E00F68D53;
			remoteInfo = "SwiftUI-Appetizers";
		};
		5E7B84392CA3BC6000F68D53 /* PBXContainerItemProxy */ = {
			isa = PBXContainerItemProxy;
			containerPortal = 5E7B84162CA3BC5D00F68D53 /* Project object */;
			proxyType = 1;
			remoteGlobalIDString = 5E7B841D2CA3BC5E00F68D53;
			remoteInfo = "SwiftUI-Appetizers";
		};
/* End PBXContainerItemProxy section */

/* Begin PBXFileReference section */
		5E7B841E2CA3BC5E00F68D53 /* SwiftUI-Food.app */ = {isa = PBXFileReference; explicitFileType = wrapper.application; includeInIndex = 0; path = "SwiftUI-Food.app"; sourceTree = BUILT_PRODUCTS_DIR; };
		5E7B842E2CA3BC6000F68D53 /* SwiftUI-FoodTests.xctest */ = {isa = PBXFileReference; explicitFileType = wrapper.cfbundle; includeInIndex = 0; path = "SwiftUI-FoodTests.xctest"; sourceTree = BUILT_PRODUCTS_DIR; };
		5E7B84382CA3BC6000F68D53 /* SwiftUI-FoodUITests.xctest */ = {isa = PBXFileReference; explicitFileType = wrapper.cfbundle; includeInIndex = 0; path = "SwiftUI-FoodUITests.xctest"; sourceTree = BUILT_PRODUCTS_DIR; };
/* End PBXFileReference section */

/* Begin PBXFileSystemSynchronizedRootGroup section */
		5E7B84202CA3BC5E00F68D53 /* SwiftUI-Appetizers */ = {
			isa = PBXFileSystemSynchronizedRootGroup;
			path = "SwiftUI-Appetizers";
			sourceTree = "<group>";
		};
		5E7B84312CA3BC6000F68D53 /* SwiftUI-AppetizersTests */ = {
			isa = PBXFileSystemSynchronizedRootGroup;
			path = "SwiftUI-AppetizersTests";
			sourceTree = "<group>";
		};
		5E7B843B2CA3BC6000F68D53 /* SwiftUI-AppetizersUITests */ = {
			isa = PBXFileSystemSynchronizedRootGroup;
			path = "SwiftUI-AppetizersUITests";
			sourceTree = "<group>";
		};
/* End PBXFileSystemSynchronizedRootGroup section */

/* Begin PBXFrameworksBuildPhase section */
		5E7B841B2CA3BC5E00F68D53 /* Frameworks */ = {
			isa = PBXFrameworksBuildPhase;
			buildActionMask = 2147483647;
			files = (
			);
			runOnlyForDeploymentPostprocessing = 0;
		};
		5E7B842B2CA3BC6000F68D53 /* Frameworks */ = {
			isa = PBXFrameworksBuildPhase;
			buildActionMask = 2147483647;
			files = (
			);
			runOnlyForDeploymentPostprocessing = 0;
		};
		5E7B84352CA3BC6000F68D53 /* Frameworks */ = {
			isa = PBXFrameworksBuildPhase;
			buildActionMask = 2147483647;
			files = (
			);
			runOnlyForDeploymentPostprocessing = 0;
		};
/* End PBXFrameworksBuildPhase section */

/* Begin PBXGroup section */
		5E7B84152CA3BC5D00F68D53 = {
			isa = PBXGroup;
			children = (
				5E7B84202CA3BC5E00F68D53 /* SwiftUI-Appetizers */,
				5E7B84312CA3BC6000F68D53 /* SwiftUI-AppetizersTests */,
				5E7B843B2CA3BC6000F68D53 /* SwiftUI-AppetizersUITests */,
				5E7B841F2CA3BC5E00F68D53 /* Products */,
			);
			sourceTree = "<group>";
		};
		5E7B841F2CA3BC5E00F68D53 /* Products */ = {
			isa = PBXGroup;
			children = (
				5E7B841E2CA3BC5E00F68D53 /* SwiftUI-Food.app */,
				5E7B842E2CA3BC6000F68D53 /* SwiftUI-FoodTests.xctest */,
				5E7B84382CA3BC6000F68D53 /* SwiftUI-FoodUITests.xctest */,
			);
			name = Products;
			sourceTree = "<group>";
		};
/* End PBXGroup section */

/* Begin PBXNativeTarget section */
		5E7B841D2CA3BC5E00F68D53 /* SwiftUI-Food */ = {
			isa = PBXNativeTarget;
			buildConfigurationList = 5E7B84422CA3BC6000F68D53 /* Build configuration list for PBXNativeTarget "SwiftUI-Food" */;
			buildPhases = (
				5E7B841A2CA3BC5E00F68D53 /* Sources */,
				5E7B841B2CA3BC5E00F68D53 /* Frameworks */,
				5E7B841C2CA3BC5E00F68D53 /* Resources */,
			);
			buildRules = (
			);
			dependencies = (
			);
			fileSystemSynchronizedGroups = (
				5E7B84202CA3BC5E00F68D53 /* SwiftUI-Appetizers */,
			);
			name = "SwiftUI-Food";
			packageProductDependencies = (
			);
			productName = "SwiftUI-Appetizers";
			productReference = 5E7B841E2CA3BC5E00F68D53 /* SwiftUI-Food.app */;
			productType = "com.apple.product-type.application";
		};
		5E7B842D2CA3BC6000F68D53 /* SwiftUI-FoodTests */ = {
			isa = PBXNativeTarget;
			buildConfigurationList = 5E7B84452CA3BC6000F68D53 /* Build configuration list for PBXNativeTarget "SwiftUI-FoodTests" */;
			buildPhases = (
				5E7B842A2CA3BC6000F68D53 /* Sources */,
				5E7B842B2CA3BC6000F68D53 /* Frameworks */,
				5E7B842C2CA3BC6000F68D53 /* Resources */,
			);
			buildRules = (
			);
			dependencies = (
				5E7B84302CA3BC6000F68D53 /* PBXTargetDependency */,
			);
			fileSystemSynchronizedGroups = (
				5E7B84312CA3BC6000F68D53 /* SwiftUI-AppetizersTests */,
			);
			name = "SwiftUI-FoodTests";
			packageProductDependencies = (
			);
			productName = "SwiftUI-AppetizersTests";
			productReference = 5E7B842E2CA3BC6000F68D53 /* SwiftUI-FoodTests.xctest */;
			productType = "com.apple.product-type.bundle.unit-test";
		};
		5E7B84372CA3BC6000F68D53 /* SwiftUI-FoodUITests */ = {
			isa = PBXNativeTarget;
			buildConfigurationList = 5E7B84482CA3BC6000F68D53 /* Build configuration list for PBXNativeTarget "SwiftUI-FoodUITests" */;
			buildPhases = (
				5E7B84342CA3BC6000F68D53 /* Sources */,
				5E7B84352CA3BC6000F68D53 /* Frameworks */,
				5E7B84362CA3BC6000F68D53 /* Resources */,
			);
			buildRules = (
			);
			dependencies = (
				5E7B843A2CA3BC6000F68D53 /* PBXTargetDependency */,
			);
			fileSystemSynchronizedGroups = (
				5E7B843B2CA3BC6000F68D53 /* SwiftUI-AppetizersUITests */,
			);
			name = "SwiftUI-FoodUITests";
			packageProductDependencies = (
			);
			productName = "SwiftUI-AppetizersUITests";
			productReference = 5E7B84382CA3BC6000F68D53 /* SwiftUI-FoodUITests.xctest */;
			productType = "com.apple.product-type.bundle.ui-testing";
		};
/* End PBXNativeTarget section */

/* Begin PBXProject section */
		5E7B84162CA3BC5D00F68D53 /* Project object */ = {
			isa = PBXProject;
			attributes = {
				BuildIndependentTargetsInParallel = 1;
				LastSwiftUpdateCheck = 1600;
				LastUpgradeCheck = 1600;
				TargetAttributes = {
					5E7B841D2CA3BC5E00F68D53 = {
						CreatedOnToolsVersion = 16.0;
					};
					5E7B842D2CA3BC6000F68D53 = {
						CreatedOnToolsVersion = 16.0;
						TestTargetID = 5E7B841D2CA3BC5E00F68D53;
					};
					5E7B84372CA3BC6000F68D53 = {
						CreatedOnToolsVersion = 16.0;
						TestTargetID = 5E7B841D2CA3BC5E00F68D53;
					};
				};
			};
			buildConfigurationList = 5E7B84192CA3BC5D00F68D53 /* Build configuration list for PBXProject "SwiftUI-Food" */;
			developmentRegion = en;
			hasScannedForEncodings = 0;
			knownRegions = (
				en,
				Base,
			);
			mainGroup = 5E7B84152CA3BC5D00F68D53;
			minimizedProjectReferenceProxies = 1;
			preferredProjectObjectVersion = 77;
			productRefGroup = 5E7B841F2CA3BC5E00F68D53 /* Products */;
			projectDirPath = "";
			projectRoot = "";
			targets = (
				5E7B841D2CA3BC5E00F68D53 /* SwiftUI-Food */,
				5E7B842D2CA3BC6000F68D53 /* SwiftUI-FoodTests */,
				5E7B84372CA3BC6000F68D53 /* SwiftUI-FoodUITests */,
			);
		};
/* End PBXProject section */

/* Begin PBXResourcesBuildPhase section */
		5E7B841C2CA3BC5E00F68D53 /* Resources */ = {
			isa = PBXResourcesBuildPhase;
			buildActionMask = 2147483647;
			files = (
			);
			runOnlyForDeploymentPostprocessing = 0;
		};
		5E7B842C2CA3BC6000F68D53 /* Resources */ = {
			isa = PBXResourcesBuildPhase;
			buildActionMask = 2147483647;
			files = (
			);
			runOnlyForDeploymentPostprocessing = 0;
		};
		5E7B84362CA3BC6000F68D53 /* Resources */ = {
			isa = PBXResourcesBuildPhase;
			buildActionMask = 2147483647;
			files = (
			);
			runOnlyForDeploymentPostprocessing = 0;
		};
/* End PBXResourcesBuildPhase section */

/* Begin PBXSourcesBuildPhase section */
		5E7B841A2CA3BC5E00F68D53 /* Sources */ = {
			isa = PBXSourcesBuildPhase;
			buildActionMask = 2147483647;
			files = (
			);
			runOnlyForDeploymentPostprocessing = 0;
		};
		5E7B842A2CA3BC6000F68D53 /* Sources */ = {
			isa = PBXSourcesBuildPhase;
			buildActionMask = 2147483647;
			files = (
			);
			runOnlyForDeploymentPostprocessing = 0;
		};
		5E7B84342CA3BC6000F68D53 /* Sources */ = {
			isa = PBXSourcesBuildPhase;
			buildActionMask = 2147483647;
			files = (
			);
			runOnlyForDeploymentPostprocessing = 0;
		};
/* End PBXSourcesBuildPhase section */

/* Begin PBXTargetDependency section */
		5E7B84302CA3BC6000F68D53 /* PBXTargetDependency */ = {
			isa = PBXTargetDependency;
			target = 5E7B841D2CA3BC5E00F68D53 /* SwiftUI-Food */;
			targetProxy = 5E7B842F2CA3BC6000F68D53 /* PBXContainerItemProxy */;
		};
		5E7B843A2CA3BC6000F68D53 /* PBXTargetDependency */ = {
			isa = PBXTargetDependency;
			target = 5E7B841D2CA3BC5E00F68D53 /* SwiftUI-Food */;
			targetProxy = 5E7B84392CA3BC6000F68D53 /* PBXContainerItemProxy */;
		};
/* End PBXTargetDependency section */

/* Begin XCBuildConfiguration section */
		5E7B84402CA3BC6000F68D53 /* Debug */ = {
			isa = XCBuildConfiguration;
			buildSettings = {
				ALWAYS_SEARCH_USER_PATHS = NO;
				ASSETCATALOG_COMPILER_GENERATE_SWIFT_ASSET_SYMBOL_EXTENSIONS = YES;
				CLANG_ANALYZER_NONNULL = YES;
				CLANG_ANALYZER_NUMBER_OBJECT_CONVERSION = YES_AGGRESSIVE;
				CLANG_CXX_LANGUAGE_STANDARD = "gnu++20";
				CLANG_ENABLE_MODULES = YES;
				CLANG_ENABLE_OBJC_ARC = YES;
				CLANG_ENABLE_OBJC_WEAK = YES;
				CLANG_WARN_BLOCK_CAPTURE_AUTORELEASING = YES;
				CLANG_WARN_BOOL_CONVERSION = YES;
				CLANG_WARN_COMMA = YES;
				CLANG_WARN_CONSTANT_CONVERSION = YES;
				CLANG_WARN_DEPRECATED_OBJC_IMPLEMENTATIONS = YES;
				CLANG_WARN_DIRECT_OBJC_ISA_USAGE = YES_ERROR;
				CLANG_WARN_DOCUMENTATION_COMMENTS = YES;
				CLANG_WARN_EMPTY_BODY = YES;
				CLANG_WARN_ENUM_CONVERSION = YES;
				CLANG_WARN_INFINITE_RECURSION = YES;
				CLANG_WARN_INT_CONVERSION = YES;
				CLANG_WARN_NON_LITERAL_NULL_CONVERSION = YES;
				CLANG_WARN_OBJC_IMPLICIT_RETAIN_SELF = YES;
				CLANG_WARN_OBJC_LITERAL_CONVERSION = YES;
				CLANG_WARN_OBJC_ROOT_CLASS = YES_ERROR;
				CLANG_WARN_QUOTED_INCLUDE_IN_FRAMEWORK_HEADER = YES;
				CLANG_WARN_RANGE_LOOP_ANALYSIS = YES;
				CLANG_WARN_STRICT_PROTOTYPES = YES;
				CLANG_WARN_SUSPICIOUS_MOVE = YES;
				CLANG_WARN_UNGUARDED_AVAILABILITY = YES_AGGRESSIVE;
				CLANG_WARN_UNREACHABLE_CODE = YES;
				CLANG_WARN__DUPLICATE_METHOD_MATCH = YES;
				COPY_PHASE_STRIP = NO;
				DEBUG_INFORMATION_FORMAT = dwarf;
				ENABLE_STRICT_OBJC_MSGSEND = YES;
				ENABLE_TESTABILITY = YES;
				ENABLE_USER_SCRIPT_SANDBOXING = YES;
				GCC_C_LANGUAGE_STANDARD = gnu17;
				GCC_DYNAMIC_NO_PIC = NO;
				GCC_NO_COMMON_BLOCKS = YES;
				GCC_OPTIMIZATION_LEVEL = 0;
				GCC_PREPROCESSOR_DEFINITIONS = (
					"DEBUG=1",
					"$(inherited)",
				);
				GCC_WARN_64_TO_32_BIT_CONVERSION = YES;
				GCC_WARN_ABOUT_RETURN_TYPE = YES_ERROR;
				GCC_WARN_UNDECLARED_SELECTOR = YES;
				GCC_WARN_UNINITIALIZED_AUTOS = YES_AGGRESSIVE;
				GCC_WARN_UNUSED_FUNCTION = YES;
				GCC_WARN_UNUSED_VARIABLE = YES;
				IPHONEOS_DEPLOYMENT_TARGET = 18.0;
				LOCALIZATION_PREFERS_STRING_CATALOGS = YES;
				MTL_ENABLE_DEBUG_INFO = INCLUDE_SOURCE;
				MTL_FAST_MATH = YES;
				ONLY_ACTIVE_ARCH = YES;
				SDKROOT = iphoneos;
				SWIFT_ACTIVE_COMPILATION_CONDITIONS = "DEBUG $(inherited)";
				SWIFT_OPTIMIZATION_LEVEL = "-Onone";
			};
			name = Debug;
		};
		5E7B84412CA3BC6000F68D53 /* Release */ = {
			isa = XCBuildConfiguration;
			buildSettings = {
				ALWAYS_SEARCH_USER_PATHS = NO;
				ASSETCATALOG_COMPILER_GENERATE_SWIFT_ASSET_SYMBOL_EXTENSIONS = YES;
				CLANG_ANALYZER_NONNULL = YES;
				CLANG_ANALYZER_NUMBER_OBJECT_CONVERSION = YES_AGGRESSIVE;
				CLANG_CXX_LANGUAGE_STANDARD = "gnu++20";
				CLANG_ENABLE_MODULES = YES;
				CLANG_ENABLE_OBJC_ARC = YES;
				CLANG_ENABLE_OBJC_WEAK = YES;
				CLANG_WARN_BLOCK_CAPTURE_AUTORELEASING = YES;
				CLANG_WARN_BOOL_CONVERSION = YES;
				CLANG_WARN_COMMA = YES;
				CLANG_WARN_CONSTANT_CONVERSION = YES;
				CLANG_WARN_DEPRECATED_OBJC_IMPLEMENTATIONS = YES;
				CLANG_WARN_DIRECT_OBJC_ISA_USAGE = YES_ERROR;
				CLANG_WARN_DOCUMENTATION_COMMENTS = YES;
				CLANG_WARN_EMPTY_BODY = YES;
				CLANG_WARN_ENUM_CONVERSION = YES;
				CLANG_WARN_INFINITE_RECURSION = YES;
				CLANG_WARN_INT_CONVERSION = YES;
				CLANG_WARN_NON_LITERAL_NULL_CONVERSION = YES;
				CLANG_WARN_OBJC_IMPLICIT_RETAIN_SELF = YES;
				CLANG_WARN_OBJC_LITERAL_CONVERSION = YES;
				CLANG_WARN_OBJC_ROOT_CLASS = YES_ERROR;
				CLANG_WARN_QUOTED_INCLUDE_IN_FRAMEWORK_HEADER = YES;
				CLANG_WARN_RANGE_LOOP_ANALYSIS = YES;
				CLANG_WARN_STRICT_PROTOTYPES = YES;
				CLANG_WARN_SUSPICIOUS_MOVE = YES;
				CLANG_WARN_UNGUARDED_AVAILABILITY = YES_AGGRESSIVE;
				CLANG_WARN_UNREACHABLE_CODE = YES;
				CLANG_WARN__DUPLICATE_METHOD_MATCH = YES;
				COPY_PHASE_STRIP = NO;
				DEBUG_INFORMATION_FORMAT = "dwarf-with-dsym";
				ENABLE_NS_ASSERTIONS = NO;
				ENABLE_STRICT_OBJC_MSGSEND = YES;
				ENABLE_USER_SCRIPT_SANDBOXING = YES;
				GCC_C_LANGUAGE_STANDARD = gnu17;
				GCC_NO_COMMON_BLOCKS = YES;
				GCC_WARN_64_TO_32_BIT_CONVERSION = YES;
				GCC_WARN_ABOUT_RETURN_TYPE = YES_ERROR;
				GCC_WARN_UNDECLARED_SELECTOR = YES;
				GCC_WARN_UNINITIALIZED_AUTOS = YES_AGGRESSIVE;
				GCC_WARN_UNUSED_FUNCTION = YES;
				GCC_WARN_UNUSED_VARIABLE = YES;
				IPHONEOS_DEPLOYMENT_TARGET = 18.0;
				LOCALIZATION_PREFERS_STRING_CATALOGS = YES;
				MTL_ENABLE_DEBUG_INFO = NO;
				MTL_FAST_MATH = YES;
				SDKROOT = iphoneos;
				SWIFT_COMPILATION_MODE = wholemodule;
				VALIDATE_PRODUCT = YES;
			};
			name = Release;
		};
		5E7B84432CA3BC6000F68D53 /* Debug */ = {
			isa = XCBuildConfiguration;
			buildSettings = {
				ASSETCATALOG_COMPILER_APPICON_NAME = AppIcon;
				ASSETCATALOG_COMPILER_GLOBAL_ACCENT_COLOR_NAME = AccentColor;
				CODE_SIGN_STYLE = Automatic;
				CURRENT_PROJECT_VERSION = 1;
				DEVELOPMENT_ASSET_PATHS = "\"SwiftUI-Appetizers/Preview Content\"";
				DEVELOPMENT_TEAM = 444FT7NY9N;
				ENABLE_PREVIEWS = YES;
				GENERATE_INFOPLIST_FILE = YES;
				INFOPLIST_KEY_UIApplicationSceneManifest_Generation = YES;
				INFOPLIST_KEY_UIApplicationSupportsIndirectInputEvents = YES;
				INFOPLIST_KEY_UILaunchScreen_Generation = YES;
				INFOPLIST_KEY_UISupportedInterfaceOrientations_iPad = "UIInterfaceOrientationPortrait UIInterfaceOrientationPortraitUpsideDown UIInterfaceOrientationLandscapeLeft UIInterfaceOrientationLandscapeRight";
				INFOPLIST_KEY_UISupportedInterfaceOrientations_iPhone = "UIInterfaceOrientationPortrait UIInterfaceOrientationLandscapeLeft UIInterfaceOrientationLandscapeRight";
				LD_RUNPATH_SEARCH_PATHS = (
					"$(inherited)",
					"@executable_path/Frameworks",
				);
				MARKETING_VERSION = 1.0;
				PRODUCT_BUNDLE_IDENTIFIER = "SVG.SwiftUI-Appetizers";
				PRODUCT_NAME = "$(TARGET_NAME)";
				SWIFT_EMIT_LOC_STRINGS = YES;
				SWIFT_VERSION = 5.0;
				TARGETED_DEVICE_FAMILY = "1,2";
			};
			name = Debug;
		};
		5E7B84442CA3BC6000F68D53 /* Release */ = {
			isa = XCBuildConfiguration;
			buildSettings = {
				ASSETCATALOG_COMPILER_APPICON_NAME = AppIcon;
				ASSETCATALOG_COMPILER_GLOBAL_ACCENT_COLOR_NAME = AccentColor;
				CODE_SIGN_STYLE = Automatic;
				CURRENT_PROJECT_VERSION = 1;
				DEVELOPMENT_ASSET_PATHS = "\"SwiftUI-Appetizers/Preview Content\"";
				DEVELOPMENT_TEAM = 444FT7NY9N;
				ENABLE_PREVIEWS = YES;
				GENERATE_INFOPLIST_FILE = YES;
				INFOPLIST_KEY_UIApplicationSceneManifest_Generation = YES;
				INFOPLIST_KEY_UIApplicationSupportsIndirectInputEvents = YES;
				INFOPLIST_KEY_UILaunchScreen_Generation = YES;
				INFOPLIST_KEY_UISupportedInterfaceOrientations_iPad = "UIInterfaceOrientationPortrait UIInterfaceOrientationPortraitUpsideDown UIInterfaceOrientationLandscapeLeft UIInterfaceOrientationLandscapeRight";
				INFOPLIST_KEY_UISupportedInterfaceOrientations_iPhone = "UIInterfaceOrientationPortrait UIInterfaceOrientationLandscapeLeft UIInterfaceOrientationLandscapeRight";
				LD_RUNPATH_SEARCH_PATHS = (
					"$(inherited)",
					"@executable_path/Frameworks",
				);
				MARKETING_VERSION = 1.0;
				PRODUCT_BUNDLE_IDENTIFIER = "SVG.SwiftUI-Appetizers";
				PRODUCT_NAME = "$(TARGET_NAME)";
				SWIFT_EMIT_LOC_STRINGS = YES;
				SWIFT_VERSION = 5.0;
				TARGETED_DEVICE_FAMILY = "1,2";
			};
			name = Release;
		};
		5E7B84462CA3BC6000F68D53 /* Debug */ = {
			isa = XCBuildConfiguration;
			buildSettings = {
				BUNDLE_LOADER = "$(TEST_HOST)";
				CODE_SIGN_STYLE = Automatic;
				CURRENT_PROJECT_VERSION = 1;
				DEVELOPMENT_TEAM = 444FT7NY9N;
				GENERATE_INFOPLIST_FILE = YES;
				IPHONEOS_DEPLOYMENT_TARGET = 18.0;
				MARKETING_VERSION = 1.0;
				PRODUCT_BUNDLE_IDENTIFIER = "SVG.SwiftUI-AppetizersTests";
				PRODUCT_NAME = "$(TARGET_NAME)";
				SWIFT_EMIT_LOC_STRINGS = NO;
				SWIFT_VERSION = 5.0;
				TARGETED_DEVICE_FAMILY = "1,2";
				TEST_HOST = "$(BUILT_PRODUCTS_DIR)/SwiftUI-Food.app/$(BUNDLE_EXECUTABLE_FOLDER_PATH)/SwiftUI-Food";
			};
			name = Debug;
		};
		5E7B84472CA3BC6000F68D53 /* Release */ = {
			isa = XCBuildConfiguration;
			buildSettings = {
				BUNDLE_LOADER = "$(TEST_HOST)";
				CODE_SIGN_STYLE = Automatic;
				CURRENT_PROJECT_VERSION = 1;
				DEVELOPMENT_TEAM = 444FT7NY9N;
				GENERATE_INFOPLIST_FILE = YES;
				IPHONEOS_DEPLOYMENT_TARGET = 18.0;
				MARKETING_VERSION = 1.0;
				PRODUCT_BUNDLE_IDENTIFIER = "SVG.SwiftUI-AppetizersTests";
				PRODUCT_NAME = "$(TARGET_NAME)";
				SWIFT_EMIT_LOC_STRINGS = NO;
				SWIFT_VERSION = 5.0;
				TARGETED_DEVICE_FAMILY = "1,2";
				TEST_HOST = "$(BUILT_PRODUCTS_DIR)/SwiftUI-Food.app/$(BUNDLE_EXECUTABLE_FOLDER_PATH)/SwiftUI-Food";
			};
			name = Release;
		};
		5E7B84492CA3BC6000F68D53 /* Debug */ = {
			isa = XCBuildConfiguration;
			buildSettings = {
				CODE_SIGN_STYLE = Automatic;
				CURRENT_PROJECT_VERSION = 1;
				DEVELOPMENT_TEAM = 444FT7NY9N;
				GENERATE_INFOPLIST_FILE = YES;
				MARKETING_VERSION = 1.0;
				PRODUCT_BUNDLE_IDENTIFIER = "SVG.SwiftUI-AppetizersUITests";
				PRODUCT_NAME = "$(TARGET_NAME)";
				SWIFT_EMIT_LOC_STRINGS = NO;
				SWIFT_VERSION = 5.0;
				TARGETED_DEVICE_FAMILY = "1,2";
				TEST_TARGET_NAME = "SwiftUI-Appetizers";
			};
			name = Debug;
		};
		5E7B844A2CA3BC6000F68D53 /* Release */ = {
			isa = XCBuildConfiguration;
			buildSettings = {
				CODE_SIGN_STYLE = Automatic;
				CURRENT_PROJECT_VERSION = 1;
				DEVELOPMENT_TEAM = 444FT7NY9N;
				GENERATE_INFOPLIST_FILE = YES;
				MARKETING_VERSION = 1.0;
				PRODUCT_BUNDLE_IDENTIFIER = "SVG.SwiftUI-AppetizersUITests";
				PRODUCT_NAME = "$(TARGET_NAME)";
				SWIFT_EMIT_LOC_STRINGS = NO;
				SWIFT_VERSION = 5.0;
				TARGETED_DEVICE_FAMILY = "1,2";
				TEST_TARGET_NAME = "SwiftUI-Appetizers";
			};
			name = Release;
		};
/* End XCBuildConfiguration section */

/* Begin XCConfigurationList section */
		5E7B84192CA3BC5D00F68D53 /* Build configuration list for PBXProject "SwiftUI-Food" */ = {
			isa = XCConfigurationList;
			buildConfigurations = (
				5E7B84402CA3BC6000F68D53 /* Debug */,
				5E7B84412CA3BC6000F68D53 /* Release */,
			);
			defaultConfigurationIsVisible = 0;
			defaultConfigurationName = Release;
		};
		5E7B84422CA3BC6000F68D53 /* Build configuration list for PBXNativeTarget "SwiftUI-Food" */ = {
			isa = XCConfigurationList;
			buildConfigurations = (
				5E7B84432CA3BC6000F68D53 /* Debug */,
				5E7B84442CA3BC6000F68D53 /* Release */,
			);
			defaultConfigurationIsVisible = 0;
			defaultConfigurationName = Release;
		};
		5E7B84452CA3BC6000F68D53 /* Build configuration list for PBXNativeTarget "SwiftUI-FoodTests" */ = {
			isa = XCConfigurationList;
			buildConfigurations = (
				5E7B84462CA3BC6000F68D53 /* Debug */,
				5E7B84472CA3BC6000F68D53 /* Release */,
			);
			defaultConfigurationIsVisible = 0;
			defaultConfigurationName = Release;
		};
		5E7B84482CA3BC6000F68D53 /* Build configuration list for PBXNativeTarget "SwiftUI-FoodUITests" */ = {
			isa = XCConfigurationList;
			buildConfigurations = (
				5E7B84492CA3BC6000F68D53 /* Debug */,
				5E7B844A2CA3BC6000F68D53 /* Release */,
			);
			defaultConfigurationIsVisible = 0;
			defaultConfigurationName = Release;
		};
/* End XCConfigurationList section */
	};
	rootObject = 5E7B84162CA3BC5D00F68D53 /* Project object */;
}
